
Microsoft Visual Studio Solution File, Format Version 12.00
# Visual Studio Version 17
VisualStudioVersion = 17.7.34024.191
MinimumVisualStudioVersion = 10.0.40219.1
Project("{FAE04EC0-301F-11D3-BF4B-00C04F79EFBC}") = "CoursesAPI", "CoursesAPI\CoursesAPI.csproj", "{831B025C-7127-4D81-860C-F511DE2CB100}"
EndProject
Global
	GlobalSection(SolutionConfigurationPlatforms) = preSolution
		Debug|Any CPU = Debug|Any CPU
		Release|Any CPU = Release|Any CPU
	EndGlobalSection
	GlobalSection(ProjectConfigurationPlatforms) = postSolution
		{831B025C-7127-4D81-860C-F511DE2CB100}.Debug|Any CPU.ActiveCfg = Debug|Any CPU
		{831B025C-7127-4D81-860C-F511DE2CB100}.Debug|Any CPU.Build.0 = Debug|Any CPU
		{831B025C-7127-4D81-860C-F511DE2CB100}.Release|Any CPU.ActiveCfg = Release|Any CPU
		{831B025C-7127-4D81-860C-F511DE2CB100}.Release|Any CPU.Build.0 = Release|Any CPU
	EndGlobalSection
	GlobalSection(SolutionProperties) = preSolution
		HideSolutionNode = FALSE
	EndGlobalSection
	GlobalSection(ExtensibilityGlobals) = postSolution
		SolutionGuid = {9BA26C94-D709-488A-B01E-D74321BB3648}
	EndGlobalSection
EndGlobal
